
Microsoft Visual Studio Solution File, Format Version 12.00
# Visual Studio 14
VisualStudioVersion = 14.0.25420.1
MinimumVisualStudioVersion = 10.0.40219.1
Project("{FAE04EC0-301F-11D3-BF4B-00C04F79EFBC}") = "ImageBoard.Presentation", "ImageBoard.Presentation\ImageBoard.Presentation.csproj", "{EC62DE2D-1CF7-43B6-951F-381230FBF8A1}"
EndProject
Project("{FAE04EC0-301F-11D3-BF4B-00C04F79EFBC}") = "ImageBoard.Data", "ImageBoard.Data\ImageBoard.Data.csproj", "{799D8816-51D4-4CEC-924E-D35F71F59570}"
EndProject
Project("{FAE04EC0-301F-11D3-BF4B-00C04F79EFBC}") = "ImageBoard.Business", "ImageBoard.Business\ImageBoard.Business.csproj", "{B8D3E1D5-57C7-4CD4-A840-9833A68B22A4}"
EndProject
Global
	GlobalSection(SolutionConfigurationPlatforms) = preSolution
		Debug|Any CPU = Debug|Any CPU
		Release|Any CPU = Release|Any CPU
	EndGlobalSection
	GlobalSection(ProjectConfigurationPlatforms) = postSolution
		{EC62DE2D-1CF7-43B6-951F-381230FBF8A1}.Debug|Any CPU.ActiveCfg = Debug|Any CPU
		{EC62DE2D-1CF7-43B6-951F-381230FBF8A1}.Debug|Any CPU.Build.0 = Debug|Any CPU
		{EC62DE2D-1CF7-43B6-951F-381230FBF8A1}.Release|Any CPU.ActiveCfg = Release|Any CPU
		{EC62DE2D-1CF7-43B6-951F-381230FBF8A1}.Release|Any CPU.Build.0 = Release|Any CPU
		{799D8816-51D4-4CEC-924E-D35F71F59570}.Debug|Any CPU.ActiveCfg = Debug|Any CPU
		{799D8816-51D4-4CEC-924E-D35F71F59570}.Debug|Any CPU.Build.0 = Debug|Any CPU
		{799D8816-51D4-4CEC-924E-D35F71F59570}.Release|Any CPU.ActiveCfg = Release|Any CPU
		{799D8816-51D4-4CEC-924E-D35F71F59570}.Release|Any CPU.Build.0 = Release|Any CPU
		{B8D3E1D5-57C7-4CD4-A840-9833A68B22A4}.Debug|Any CPU.ActiveCfg = Debug|Any CPU
		{B8D3E1D5-57C7-4CD4-A840-9833A68B22A4}.Debug|Any CPU.Build.0 = Debug|Any CPU
		{B8D3E1D5-57C7-4CD4-A840-9833A68B22A4}.Release|Any CPU.ActiveCfg = Release|Any CPU
		{B8D3E1D5-57C7-4CD4-A840-9833A68B22A4}.Release|Any CPU.Build.0 = Release|Any CPU
	EndGlobalSection
	GlobalSection(SolutionProperties) = preSolution
		HideSolutionNode = FALSE
	EndGlobalSection
EndGlobal
